
Microsoft Visual Studio Solution File, Format Version 12.00
# Visual Studio Version 16
VisualStudioVersion = 16.0.29519.181
MinimumVisualStudioVersion = 10.0.40219.1
Project("{FAE04EC0-301F-11D3-BF4B-00C04F79EFBC}") = "backstage", "backstage.csproj", "{FC9767BC-FCBC-4ECC-8225-714E712B5B32}"
EndProject
Global
	GlobalSection(SolutionConfigurationPlatforms) = preSolution
		Debug|Any CPU = Debug|Any CPU
		Release|Any CPU = Release|Any CPU
	EndGlobalSection
	GlobalSection(ProjectConfigurationPlatforms) = postSolution
		{FC9767BC-FCBC-4ECC-8225-714E712B5B32}.Debug|Any CPU.ActiveCfg = Debug|Any CPU
		{FC9767BC-FCBC-4ECC-8225-714E712B5B32}.Debug|Any CPU.Build.0 = Debug|Any CPU
		{FC9767BC-FCBC-4ECC-8225-714E712B5B32}.Release|Any CPU.ActiveCfg = Release|Any CPU
		{FC9767BC-FCBC-4ECC-8225-714E712B5B32}.Release|Any CPU.Build.0 = Release|Any CPU
	EndGlobalSection
	GlobalSection(SolutionProperties) = preSolution
		HideSolutionNode = FALSE
	EndGlobalSection
	GlobalSection(ExtensibilityGlobals) = postSolution
		SolutionGuid = {23728043-54B9-45BE-B397-4C5FFA9C380F}
	EndGlobalSection
EndGlobal
